PODS:
  - LibSignalClient (0.96.4)

DEPENDENCIES:
  - LibSignalClient (from `https://github.com/signalapp/libsignal.git`, tag `v0.96.4`)

EXTERNAL SOURCES:
  LibSignalClient:
    :git: https://github.com/signalapp/libsignal.git
    :tag: v0.96.4

CHECKOUT OPTIONS:
  LibSignalClient:
    :git: https://github.com/signalapp/libsignal.git
    :tag: v0.96.4

SPEC CHECKSUMS:
  LibSignalClient: 3f510b4274fccf02d365f51c3e06d18725d9fba1

PODFILE CHECKSUM: 98db8b0ada581d7e916777b7fe3ff3e78317324c

COCOAPODS: 1.16.2
